
Microsoft Visual Studio Solution File, Format Version 12.00
# Visual Studio Version 17
VisualStudioVersion = 17.4.33403.182
MinimumVisualStudioVersion = 10.0.40219.1
Project("{FAE04EC0-301F-11D3-BF4B-00C04F79EFBC}") = "pompa.paolofrancesco.4H.GUIDb", "pompa.paolofrancesco.4H.GUIDb\pompa.paolofrancesco.4H.GUIDb.csproj", "{7D228759-32A4-4FD2-A8D3-58C1E18B8C18}"
EndProject
Global
	GlobalSection(SolutionConfigurationPlatforms) = preSolution
		Debug|Any CPU = Debug|Any CPU
		Release|Any CPU = Release|Any CPU
	EndGlobalSection
	GlobalSection(ProjectConfigurationPlatforms) = postSolution
		{7D228759-32A4-4FD2-A8D3-58C1E18B8C18}.Debug|Any CPU.ActiveCfg = Debug|Any CPU
		{7D228759-32A4-4FD2-A8D3-58C1E18B8C18}.Debug|Any CPU.Build.0 = Debug|Any CPU
		{7D228759-32A4-4FD2-A8D3-58C1E18B8C18}.Release|Any CPU.ActiveCfg = Release|Any CPU
		{7D228759-32A4-4FD2-A8D3-58C1E18B8C18}.Release|Any CPU.Build.0 = Release|Any CPU
	EndGlobalSection
	GlobalSection(SolutionProperties) = preSolution
		HideSolutionNode = FALSE
	EndGlobalSection
	GlobalSection(ExtensibilityGlobals) = postSolution
		SolutionGuid = {2A6B00AC-6A4B-4FE2-B780-51F439D4F53D}
	EndGlobalSection
EndGlobal
